
Microsoft Visual Studio Solution File, Format Version 12.00
# Visual Studio 15
VisualStudioVersion = 15.0.27130.2024
MinimumVisualStudioVersion = 10.0.40219.1
Project("{8BC9CEB8-8B4A-11D0-8D11-00A0C91BC942}") = "ch5Drill", "ch5Drill\ch5Drill.vcxproj", "{A64B4C74-0A01-4308-A276-B832F6A5F38F}"
EndProject
Global
	GlobalSection(SolutionConfigurationPlatforms) = preSolution
		Debug|x64 = Debug|x64
		Debug|x86 = Debug|x86
		Release|x64 = Release|x64
		Release|x86 = Release|x86
	EndGlobalSection
	GlobalSection(ProjectConfigurationPlatforms) = postSolution
		{A64B4C74-0A01-4308-A276-B832F6A5F38F}.Debug|x64.ActiveCfg = Debug|x64
		{A64B4C74-0A01-4308-A276-B832F6A5F38F}.Debug|x64.Build.0 = Debug|x64
		{A64B4C74-0A01-4308-A276-B832F6A5F38F}.Debug|x86.ActiveCfg = Debug|Win32
		{A64B4C74-0A01-4308-A276-B832F6A5F38F}.Debug|x86.Build.0 = Debug|Win32
		{A64B4C74-0A01-4308-A276-B832F6A5F38F}.Release|x64.ActiveCfg = Release|x64
		{A64B4C74-0A01-4308-A276-B832F6A5F38F}.Release|x64.Build.0 = Release|x64
		{A64B4C74-0A01-4308-A276-B832F6A5F38F}.Release|x86.ActiveCfg = Release|Win32
		{A64B4C74-0A01-4308-A276-B832F6A5F38F}.Release|x86.Build.0 = Release|Win32
	EndGlobalSection
	GlobalSection(SolutionProperties) = preSolution
		HideSolutionNode = FALSE
	EndGlobalSection
	GlobalSection(ExtensibilityGlobals) = postSolution
		SolutionGuid = {23FD2530-2B83-46E3-80A7-FDDFB48048D9}
	EndGlobalSection
EndGlobal
